
Microsoft Visual Studio Solution File, Format Version 12.00
# Visual Studio 15
VisualStudioVersion = 15.0.28010.2046
MinimumVisualStudioVersion = 10.0.40219.1
Project("{FAE04EC0-301F-11D3-BF4B-00C04F79EFBC}") = "LPP", "LPP\LPP.csproj", "{01B09D3C-4548-4DFD-AE69-3D571C03FC7B}"
EndProject
Global
	GlobalSection(SolutionConfigurationPlatforms) = preSolution
		Debug|Any CPU = Debug|Any CPU
		Release|Any CPU = Release|Any CPU
	EndGlobalSection
	GlobalSection(ProjectConfigurationPlatforms) = postSolution
		{01B09D3C-4548-4DFD-AE69-3D571C03FC7B}.Debug|Any CPU.ActiveCfg = Debug|Any CPU
		{01B09D3C-4548-4DFD-AE69-3D571C03FC7B}.Debug|Any CPU.Build.0 = Debug|Any CPU
		{01B09D3C-4548-4DFD-AE69-3D571C03FC7B}.Release|Any CPU.ActiveCfg = Release|Any CPU
		{01B09D3C-4548-4DFD-AE69-3D571C03FC7B}.Release|Any CPU.Build.0 = Release|Any CPU
	EndGlobalSection
	GlobalSection(SolutionProperties) = preSolution
		HideSolutionNode = FALSE
	EndGlobalSection
	GlobalSection(ExtensibilityGlobals) = postSolution
		SolutionGuid = {1C91F248-9FA1-48CB-A773-12B27EAFF103}
	EndGlobalSection
EndGlobal
